
Microsoft Visual Studio Solution File, Format Version 12.00
# Visual Studio Version 17
VisualStudioVersion = 17.9.34622.214
MinimumVisualStudioVersion = 10.0.40219.1
Project("{FAE04EC0-301F-11D3-BF4B-00C04F79EFBC}") = "AppMnaipularArquivo", "AppMnaipularArquivo.csproj", "{2CCB7A90-7E4B-40DF-A521-BCEBF9E4C8DD}"
EndProject
Global
	GlobalSection(SolutionConfigurationPlatforms) = preSolution
		Debug|Any CPU = Debug|Any CPU
		Release|Any CPU = Release|Any CPU
	EndGlobalSection
	GlobalSection(ProjectConfigurationPlatforms) = postSolution
		{2CCB7A90-7E4B-40DF-A521-BCEBF9E4C8DD}.Debug|Any CPU.ActiveCfg = Debug|Any CPU
		{2CCB7A90-7E4B-40DF-A521-BCEBF9E4C8DD}.Debug|Any CPU.Build.0 = Debug|Any CPU
		{2CCB7A90-7E4B-40DF-A521-BCEBF9E4C8DD}.Release|Any CPU.ActiveCfg = Release|Any CPU
		{2CCB7A90-7E4B-40DF-A521-BCEBF9E4C8DD}.Release|Any CPU.Build.0 = Release|Any CPU
	EndGlobalSection
	GlobalSection(SolutionProperties) = preSolution
		HideSolutionNode = FALSE
	EndGlobalSection
	GlobalSection(ExtensibilityGlobals) = postSolution
		SolutionGuid = {E1C422C6-A814-4FA3-B71D-6F461853CBCA}
	EndGlobalSection
EndGlobal
